
Microsoft Visual Studio Solution File, Format Version 12.00
# Visual Studio 14
VisualStudioVersion = 14.0.23107.0
MinimumVisualStudioVersion = 10.0.40219.1
Project("{2150E333-8FDC-42A3-9474-1A3956D46DE8}") = "src", "src", "{54E3D036-53DA-4940-9F91-00ABAA988B0C}"
EndProject
Project("{2150E333-8FDC-42A3-9474-1A3956D46DE8}") = "Solution Items", "Solution Items", "{6F9006B0-0DD1-4D63-84A2-E5BEFE18A0A2}"
	ProjectSection(SolutionItems) = preProject
		global.json = global.json
		NuGet.Config = NuGet.Config
	EndProjectSection
EndProject
Project("{8BB2217D-0F2D-49D1-97BC-3654ED321F3B}") = "IdentityDirectory.Web", "src\IdentityDirectory.Web\IdentityDirectory.Web.xproj", "{BE7A77A9-2577-4681-AE3A-3B4A5A7FA543}"
EndProject
Project("{8BB2217D-0F2D-49D1-97BC-3654ED321F3B}") = "IdentityDirectory.Abstractions", "src\IdentityDirectory.Abstractions\IdentityDirectory.Abstractions.xproj", "{E3CBA2F5-1C29-4A03-B81A-4F9447B9B23B}"
EndProject
Project("{8BB2217D-0F2D-49D1-97BC-3654ED321F3B}") = "IdentityDirectory.Scim", "src\IdentityDirectory.Scim\IdentityDirectory.Scim.xproj", "{6B12EB9E-3581-42E0-BD3C-8D8D5D11E5DE}"
EndProject
Project("{8BB2217D-0F2D-49D1-97BC-3654ED321F3B}") = "IdentityDirectory.Identity.EntityFramework", "src\IdentityDirectory.Identity.EntityFramework\IdentityDirectory.Identity.EntityFramework.xproj", "{C9D5395A-D629-4DE2-A461-74D6618BD33C}"
EndProject
Project("{2150E333-8FDC-42A3-9474-1A3956D46DE8}") = "test", "test", "{00AA91E0-57EB-4862-8793-B9D88524A827}"
EndProject
Project("{8BB2217D-0F2D-49D1-97BC-3654ED321F3B}") = "IdentityDirectory.Scim.Test", "test\IdentityDirectory.Scim.Test\IdentityDirectory.Scim.Test.xproj", "{6A66CCFD-3EA0-45EA-82A9-A63F2EDA337D}"
EndProject
Project("{8BB2217D-0F2D-49D1-97BC-3654ED321F3B}") = "IdentityDirectory.Identity.Abstractions", "src\IdentityDirectory.Identity.Abstractions\IdentityDirectory.Identity.Abstractions.xproj", "{5DA84424-8F65-495A-99EF-5A855EC4769A}"
EndProject
Project("{8BB2217D-0F2D-49D1-97BC-3654ED321F3B}") = "IdentityDirectory.Identity", "src\IdentityDirectory.Identity\IdentityDirectory.Identity.xproj", "{BF214CAE-8376-4ABE-A476-13FFB6B997FF}"
EndProject
Global
	GlobalSection(SolutionConfigurationPlatforms) = preSolution
		Debug|Any CPU = Debug|Any CPU
		Release|Any CPU = Release|Any CPU
	EndGlobalSection
	GlobalSection(ProjectConfigurationPlatforms) = postSolution
		{BE7A77A9-2577-4681-AE3A-3B4A5A7FA543}.Debug|Any CPU.ActiveCfg = Debug|Any CPU
		{BE7A77A9-2577-4681-AE3A-3B4A5A7FA543}.Debug|Any CPU.Build.0 = Debug|Any CPU
		{BE7A77A9-2577-4681-AE3A-3B4A5A7FA543}.Release|Any CPU.ActiveCfg = Release|Any CPU
		{BE7A77A9-2577-4681-AE3A-3B4A5A7FA543}.Release|Any CPU.Build.0 = Release|Any CPU
		{E3CBA2F5-1C29-4A03-B81A-4F9447B9B23B}.Debug|Any CPU.ActiveCfg = Debug|Any CPU
		{E3CBA2F5-1C29-4A03-B81A-4F9447B9B23B}.Debug|Any CPU.Build.0 = Debug|Any CPU
		{E3CBA2F5-1C29-4A03-B81A-4F9447B9B23B}.Release|Any CPU.ActiveCfg = Release|Any CPU
		{E3CBA2F5-1C29-4A03-B81A-4F9447B9B23B}.Release|Any CPU.Build.0 = Release|Any CPU
		{6B12EB9E-3581-42E0-BD3C-8D8D5D11E5DE}.Debug|Any CPU.ActiveCfg = Debug|Any CPU
		{6B12EB9E-3581-42E0-BD3C-8D8D5D11E5DE}.Debug|Any CPU.Build.0 = Debug|Any CPU
		{6B12EB9E-3581-42E0-BD3C-8D8D5D11E5DE}.Release|Any CPU.ActiveCfg = Release|Any CPU
		{6B12EB9E-3581-42E0-BD3C-8D8D5D11E5DE}.Release|Any CPU.Build.0 = Release|Any CPU
		{C9D5395A-D629-4DE2-A461-74D6618BD33C}.Debug|Any CPU.ActiveCfg = Debug|Any CPU
		{C9D5395A-D629-4DE2-A461-74D6618BD33C}.Debug|Any CPU.Build.0 = Debug|Any CPU
		{C9D5395A-D629-4DE2-A461-74D6618BD33C}.Release|Any CPU.ActiveCfg = Release|Any CPU
		{C9D5395A-D629-4DE2-A461-74D6618BD33C}.Release|Any CPU.Build.0 = Release|Any CPU
		{6A66CCFD-3EA0-45EA-82A9-A63F2EDA337D}.Debug|Any CPU.ActiveCfg = Debug|Any CPU
		{6A66CCFD-3EA0-45EA-82A9-A63F2EDA337D}.Debug|Any CPU.Build.0 = Debug|Any CPU
		{6A66CCFD-3EA0-45EA-82A9-A63F2EDA337D}.Release|Any CPU.ActiveCfg = Release|Any CPU
		{6A66CCFD-3EA0-45EA-82A9-A63F2EDA337D}.Release|Any CPU.Build.0 = Release|Any CPU
		{5DA84424-8F65-495A-99EF-5A855EC4769A}.Debug|Any CPU.ActiveCfg = Debug|Any CPU
		{5DA84424-8F65-495A-99EF-5A855EC4769A}.Debug|Any CPU.Build.0 = Debug|Any CPU
		{5DA84424-8F65-495A-99EF-5A855EC4769A}.Release|Any CPU.ActiveCfg = Release|Any CPU
		{5DA84424-8F65-495A-99EF-5A855EC4769A}.Release|Any CPU.Build.0 = Release|Any CPU
		{BF214CAE-8376-4ABE-A476-13FFB6B997FF}.Debug|Any CPU.ActiveCfg = Debug|Any CPU
		{BF214CAE-8376-4ABE-A476-13FFB6B997FF}.Debug|Any CPU.Build.0 = Debug|Any CPU
		{BF214CAE-8376-4ABE-A476-13FFB6B997FF}.Release|Any CPU.ActiveCfg = Release|Any CPU
		{BF214CAE-8376-4ABE-A476-13FFB6B997FF}.Release|Any CPU.Build.0 = Release|Any CPU
	EndGlobalSection
	GlobalSection(SolutionProperties) = preSolution
		HideSolutionNode = FALSE
	EndGlobalSection
	GlobalSection(NestedProjects) = preSolution
		{BE7A77A9-2577-4681-AE3A-3B4A5A7FA543} = {54E3D036-53DA-4940-9F91-00ABAA988B0C}
		{E3CBA2F5-1C29-4A03-B81A-4F9447B9B23B} = {54E3D036-53DA-4940-9F91-00ABAA988B0C}
		{6B12EB9E-3581-42E0-BD3C-8D8D5D11E5DE} = {54E3D036-53DA-4940-9F91-00ABAA988B0C}
		{C9D5395A-D629-4DE2-A461-74D6618BD33C} = {54E3D036-53DA-4940-9F91-00ABAA988B0C}
		{6A66CCFD-3EA0-45EA-82A9-A63F2EDA337D} = {00AA91E0-57EB-4862-8793-B9D88524A827}
		{5DA84424-8F65-495A-99EF-5A855EC4769A} = {54E3D036-53DA-4940-9F91-00ABAA988B0C}
		{BF214CAE-8376-4ABE-A476-13FFB6B997FF} = {54E3D036-53DA-4940-9F91-00ABAA988B0C}
	EndGlobalSection
EndGlobal
